
Microsoft Visual Studio Solution File, Format Version 12.00
# Visual Studio 2013
VisualStudioVersion = 12.0.31101.0
MinimumVisualStudioVersion = 10.0.40219.1
Project("{FAE04EC0-301F-11D3-BF4B-00C04F79EFBC}") = "GetFileList", "GetFileList\GetFileList.csproj", "{C2945A14-8041-4090-B09F-3658E71B3178}"
EndProject
Global
	GlobalSection(SolutionConfigurationPlatforms) = preSolution
		Debug|Any CPU = Debug|Any CPU
		Release|Any CPU = Release|Any CPU
	EndGlobalSection
	GlobalSection(ProjectConfigurationPlatforms) = postSolution
		{C2945A14-8041-4090-B09F-3658E71B3178}.Debug|Any CPU.ActiveCfg = Debug|Any CPU
		{C2945A14-8041-4090-B09F-3658E71B3178}.Debug|Any CPU.Build.0 = Debug|Any CPU
		{C2945A14-8041-4090-B09F-3658E71B3178}.Release|Any CPU.ActiveCfg = Release|Any CPU
		{C2945A14-8041-4090-B09F-3658E71B3178}.Release|Any CPU.Build.0 = Release|Any CPU
	EndGlobalSection
	GlobalSection(SolutionProperties) = preSolution
		HideSolutionNode = FALSE
	EndGlobalSection
EndGlobal
